
Microsoft Visual Studio Solution File, Format Version 12.00
# Visual Studio Version 17
VisualStudioVersion = 17.1.32414.318
MinimumVisualStudioVersion = 10.0.40219.1
Project("{FAE04EC0-301F-11D3-BF4B-00C04F79EFBC}") = "MyAppWeb", "MyAppWeb\MyAppWeb.csproj", "{F760FF9F-DB02-4C55-A0D3-CD6CB60A5B18}"
EndProject
Project("{FAE04EC0-301F-11D3-BF4B-00C04F79EFBC}") = "MyApp.Models", "MyApp.Models\MyApp.Models.csproj", "{B78305EE-0578-4640-A557-D7A9BEB3F986}"
EndProject
Project("{FAE04EC0-301F-11D3-BF4B-00C04F79EFBC}") = "MyApp.DataAccessLayer", "MyApp.DataAccessLayer\MyApp.DataAccessLayer.csproj", "{07655B39-63ED-4618-90B2-7A48C75DBA9B}"
EndProject
Global
	GlobalSection(SolutionConfigurationPlatforms) = preSolution
		Debug|Any CPU = Debug|Any CPU
		Release|Any CPU = Release|Any CPU
	EndGlobalSection
	GlobalSection(ProjectConfigurationPlatforms) = postSolution
		{F760FF9F-DB02-4C55-A0D3-CD6CB60A5B18}.Debug|Any CPU.ActiveCfg = Debug|Any CPU
		{F760FF9F-DB02-4C55-A0D3-CD6CB60A5B18}.Debug|Any CPU.Build.0 = Debug|Any CPU
		{F760FF9F-DB02-4C55-A0D3-CD6CB60A5B18}.Release|Any CPU.ActiveCfg = Release|Any CPU
		{F760FF9F-DB02-4C55-A0D3-CD6CB60A5B18}.Release|Any CPU.Build.0 = Release|Any CPU
		{B78305EE-0578-4640-A557-D7A9BEB3F986}.Debug|Any CPU.ActiveCfg = Debug|Any CPU
		{B78305EE-0578-4640-A557-D7A9BEB3F986}.Debug|Any CPU.Build.0 = Debug|Any CPU
		{B78305EE-0578-4640-A557-D7A9BEB3F986}.Release|Any CPU.ActiveCfg = Release|Any CPU
		{B78305EE-0578-4640-A557-D7A9BEB3F986}.Release|Any CPU.Build.0 = Release|Any CPU
		{07655B39-63ED-4618-90B2-7A48C75DBA9B}.Debug|Any CPU.ActiveCfg = Debug|Any CPU
		{07655B39-63ED-4618-90B2-7A48C75DBA9B}.Debug|Any CPU.Build.0 = Debug|Any CPU
		{07655B39-63ED-4618-90B2-7A48C75DBA9B}.Release|Any CPU.ActiveCfg = Release|Any CPU
		{07655B39-63ED-4618-90B2-7A48C75DBA9B}.Release|Any CPU.Build.0 = Release|Any CPU
	EndGlobalSection
	GlobalSection(SolutionProperties) = preSolution
		HideSolutionNode = FALSE
	EndGlobalSection
	GlobalSection(ExtensibilityGlobals) = postSolution
		SolutionGuid = {D03DDCB1-FC3C-4D6D-AEAF-9833379B868B}
	EndGlobalSection
EndGlobal
